// !$*UTF8*$!
{
	archiveVersion = 1;
	classes = {
	};
	objectVersion = 46;
	objects = {

/* Begin PBXBuildFile section */
		CEDEE29E1CFC96A7001D4C14 /* AppDelegate.swift in Sources */ = {isa = PBXBuildFile; fileRef = CEDEE29D1CFC96A7001D4C14 /* AppDelegate.swift */; };
		CEDEE2A01CFC96A7001D4C14 /* ViewController.swift in Sources */ = {isa = PBXBuildFile; fileRef = CEDEE29F1CFC96A7001D4C14 /* ViewController.swift */; };
		CEDEE2A31CFC96A7001D4C14 /* Main.storyboard in Resources */ = {isa = PBXBuildFile; fileRef = CEDEE2A11CFC96A7001D4C14 /* Main.storyboard */; };
		CEDEE2A51CFC96A7001D4C14 /* Assets.xcassets in Resources */ = {isa = PBXBuildFile; fileRef = CEDEE2A41CFC96A7001D4C14 /* Assets.xcassets */; };
		CEDEE2A81CFC96A7001D4C14 /* LaunchScreen.storyboard in Resources */ = {isa = PBXBuildFile; fileRef = CEDEE2A61CFC96A7001D4C14 /* LaunchScreen.storyboard */; };
		CEDEE2B31CFC96A7001D4C14 /* GettingAttentionTests.swift in Sources */ = {isa = PBXBuildFile; fileRef = CEDEE2B21CFC96A7001D4C14 /* GettingAttentionTests.swift */; };
		CEDEE2BE1CFC96A7001D4C14 /* GettingAttentionUITests.swift in Sources */ = {isa = PBXBuildFile; fileRef = CEDEE2BD1CFC96A7001D4C14 /* GettingAttentionUITests.swift */; };
/* End PBXBuildFile section */

/* Begin PBXContainerItemProxy section */
		CEDEE2AF1CFC96A7001D4C14 /* PBXContainerItemProxy */ = {
			isa = PBXContainerItemProxy;
			containerPortal = CEDEE2921CFC96A7001D4C14 /* Project object */;
			proxyType = 1;
			remoteGlobalIDString = CEDEE2991CFC96A7001D4C14;
			remoteInfo = GettingAttention;
		};
		CEDEE2BA1CFC96A7001D4C14 /* PBXContainerItemProxy */ = {
			isa = PBXContainerItemProxy;
			containerPortal = CEDEE2921CFC96A7001D4C14 /* Project object */;
			proxyType = 1;
			remoteGlobalIDString = CEDEE2991CFC96A7001D4C14;
			remoteInfo = GettingAttention;
		};
/* End PBXContainerItemProxy section */

/* Begin PBXFileReference section */
		CEDEE29A1CFC96A7001D4C14 /* GettingAttention.app */ = {isa = PBXFileReference; explicitFileType = wrapper.application; includeInIndex = 0; path = GettingAttention.app; sourceTree = BUILT_PRODUCTS_DIR; };
		CEDEE29D1CFC96A7001D4C14 /* AppDelegate.swift */ = {isa = PBXFileReference; lastKnownFileType = sourcecode.swift; path = AppDelegate.swift; sourceTree = "<group>"; };
		CEDEE29F1CFC96A7001D4C14 /* ViewController.swift */ = {isa = PBXFileReference; lastKnownFileType = sourcecode.swift; path = ViewController.swift; sourceTree = "<group>"; };
		CEDEE2A21CFC96A7001D4C14 /* Base */ = {isa = PBXFileReference; lastKnownFileType = file.storyboard; name = Base; path = Base.lproj/Main.storyboard; sourceTree = "<group>"; };
		CEDEE2A41CFC96A7001D4C14 /* Assets.xcassets */ = {isa = PBXFileReference; lastKnownFileType = folder.assetcatalog; path = Assets.xcassets; sourceTree = "<group>"; };
		CEDEE2A71CFC96A7001D4C14 /* Base */ = {isa = PBXFileReference; lastKnownFileType = file.storyboard; name = Base; path = Base.lproj/LaunchScreen.storyboard; sourceTree = "<group>"; };
		CEDEE2A91CFC96A7001D4C14 /* Info.plist */ = {isa = PBXFileReference; lastKnownFileType = text.plist.xml; path = Info.plist; sourceTree = "<group>"; };
		CEDEE2AE1CFC96A7001D4C14 /* GettingAttentionTests.xctest */ = {isa = PBXFileReference; explicitFileType = wrapper.cfbundle; includeInIndex = 0; path = GettingAttentionTests.xctest; sourceTree = BUILT_PRODUCTS_DIR; };
		CEDEE2B21CFC96A7001D4C14 /* GettingAttentionTests.swift */ = {isa = PBXFileReference; lastKnownFileType = sourcecode.swift; path = GettingAttentionTests.swift; sourceTree = "<group>"; };
		CEDEE2B41CFC96A7001D4C14 /* Info.plist */ = {isa = PBXFileReference; lastKnownFileType = text.plist.xml; path = Info.plist; sourceTree = "<group>"; };
		CEDEE2B91CFC96A7001D4C14 /* GettingAttentionUITests.xctest */ = {isa = PBXFileReference; explicitFileType = wrapper.cfbundle; includeInIndex = 0; path = GettingAttentionUITests.xctest; sourceTree = BUILT_PRODUCTS_DIR; };
		CEDEE2BD1CFC96A7001D4C14 /* GettingAttentionUITests.swift */ = {isa = PBXFileReference; lastKnownFileType = sourcecode.swift; path = GettingAttentionUITests.swift; sourceTree = "<group>"; };
		CEDEE2BF1CFC96A7001D4C14 /* Info.plist */ = {isa = PBXFileReference; lastKnownFileType = text.plist.xml; path = Info.plist; sourceTree = "<group>"; };
/* End PBXFileReference section */

/* Begin PBXFrameworksBuildPhase section */
		CEDEE2971CFC96A7001D4C14 /* Frameworks */ = {
			isa = PBXFrameworksBuildPhase;
			buildActionMask = 2147483647;
			files = (
			);
			runOnlyForDeploymentPostprocessing = 0;
		};
		CEDEE2AB1CFC96A7001D4C14 /* Frameworks */ = {
			isa = PBXFrameworksBuildPhase;
			buildActionMask = 2147483647;
			files = (
			);
			runOnlyForDeploymentPostprocessing = 0;
		};
		CEDEE2B61CFC96A7001D4C14 /* Frameworks */ = {
			isa = PBXFrameworksBuildPhase;
			buildActionMask = 2147483647;
			files = (
			);
			runOnlyForDeploymentPostprocessing = 0;
		};
/* End PBXFrameworksBuildPhase section */

/* Begin PBXGroup section */
		CEDEE2911CFC96A7001D4C14 = {
			isa = PBXGroup;
			children = (
				CEDEE29C1CFC96A7001D4C14 /* GettingAttention */,
				CEDEE2B11CFC96A7001D4C14 /* GettingAttentionTests */,
				CEDEE2BC1CFC96A7001D4C14 /* GettingAttentionUITests */,
				CEDEE29B1CFC96A7001D4C14 /* Products */,
			);
			sourceTree = "<group>";
		};
		CEDEE29B1CFC96A7001D4C14 /* Products */ = {
			isa = PBXGroup;
			children = (
				CEDEE29A1CFC96A7001D4C14 /* GettingAttention.app */,
				CEDEE2AE1CFC96A7001D4C14 /* GettingAttentionTests.xctest */,
				CEDEE2B91CFC96A7001D4C14 /* GettingAttentionUITests.xctest */,
			);
			name = Products;
			sourceTree = "<group>";
		};
		CEDEE29C1CFC96A7001D4C14 /* GettingAttention */ = {
			isa = PBXGroup;
			children = (
				CEDEE29D1CFC96A7001D4C14 /* AppDelegate.swift */,
				CEDEE29F1CFC96A7001D4C14 /* ViewController.swift */,
				CEDEE2A11CFC96A7001D4C14 /* Main.storyboard */,
				CEDEE2A41CFC96A7001D4C14 /* Assets.xcassets */,
				CEDEE2A61CFC96A7001D4C14 /* LaunchScreen.storyboard */,
				CEDEE2A91CFC96A7001D4C14 /* Info.plist */,
			);
			path = GettingAttention;
			sourceTree = "<group>";
		};
		CEDEE2B11CFC96A7001D4C14 /* GettingAttentionTests */ = {
			isa = PBXGroup;
			children = (
				CEDEE2B21CFC96A7001D4C14 /* GettingAttentionTests.swift */,
				CEDEE2B41CFC96A7001D4C14 /* Info.plist */,
			);
			path = GettingAttentionTests;
			sourceTree = "<group>";
		};
		CEDEE2BC1CFC96A7001D4C14 /* GettingAttentionUITests */ = {
			isa = PBXGroup;
			children = (
				CEDEE2BD1CFC96A7001D4C14 /* GettingAttentionUITests.swift */,
				CEDEE2BF1CFC96A7001D4C14 /* Info.plist */,
			);
			path = GettingAttentionUITests;
			sourceTree = "<group>";
		};
/* End PBXGroup section */

/* Begin PBXNativeTarget section */
		CEDEE2991CFC96A7001D4C14 /* GettingAttention */ = {
			isa = PBXNativeTarget;
			buildConfigurationList = CEDEE2C21CFC96A7001D4C14 /* Build configuration list for PBXNativeTarget "GettingAttention" */;
			buildPhases = (
				CEDEE2961CFC96A7001D4C14 /* Sources */,
				CEDEE2971CFC96A7001D4C14 /* Frameworks */,
				CEDEE2981CFC96A7001D4C14 /* Resources */,
			);
			buildRules = (
			);
			dependencies = (
			);
			name = GettingAttention;
			productName = GettingAttention;
			productReference = CEDEE29A1CFC96A7001D4C14 /* GettingAttention.app */;
			productType = "com.apple.product-type.application";
		};
		CEDEE2AD1CFC96A7001D4C14 /* GettingAttentionTests */ = {
			isa = PBXNativeTarget;
			buildConfigurationList = CEDEE2C51CFC96A7001D4C14 /* Build configuration list for PBXNativeTarget "GettingAttentionTests" */;
			buildPhases = (
				CEDEE2AA1CFC96A7001D4C14 /* Sources */,
				CEDEE2AB1CFC96A7001D4C14 /* Frameworks */,
				CEDEE2AC1CFC96A7001D4C14 /* Resources */,
			);
			buildRules = (
			);
			dependencies = (
				CEDEE2B01CFC96A7001D4C14 /* PBXTargetDependency */,
			);
			name = GettingAttentionTests;
			productName = GettingAttentionTests;
			productReference = CEDEE2AE1CFC96A7001D4C14 /* GettingAttentionTests.xctest */;
			productType = "com.apple.product-type.bundle.unit-test";
		};
		CEDEE2B81CFC96A7001D4C14 /* GettingAttentionUITests */ = {
			isa = PBXNativeTarget;
			buildConfigurationList = CEDEE2C81CFC96A7001D4C14 /* Build configuration list for PBXNativeTarget "GettingAttentionUITests" */;
			buildPhases = (
				CEDEE2B51CFC96A7001D4C14 /* Sources */,
				CEDEE2B61CFC96A7001D4C14 /* Frameworks */,
				CEDEE2B71CFC96A7001D4C14 /* Resources */,
			);
			buildRules = (
			);
			dependencies = (
				CEDEE2BB1CFC96A7001D4C14 /* PBXTargetDependency */,
			);
			name = GettingAttentionUITests;
			productName = GettingAttentionUITests;
			productReference = CEDEE2B91CFC96A7001D4C14 /* GettingAttentionUITests.xctest */;
			productType = "com.apple.product-type.bundle.ui-testing";
		};
/* End PBXNativeTarget section */

/* Begin PBXProject section */
		CEDEE2921CFC96A7001D4C14 /* Project object */ = {
			isa = PBXProject;
			attributes = {
				LastSwiftUpdateCheck = 0720;
				LastUpgradeCheck = 0720;
				ORGANIZATIONNAME = "JING ZHANG";
				TargetAttributes = {
					CEDEE2991CFC96A7001D4C14 = {
						CreatedOnToolsVersion = 7.2.1;
						DevelopmentTeam = 2M57FTV92Y;
					};
					CEDEE2AD1CFC96A7001D4C14 = {
						CreatedOnToolsVersion = 7.2.1;
						DevelopmentTeam = 2M57FTV92Y;
						TestTargetID = CEDEE2991CFC96A7001D4C14;
					};
					CEDEE2B81CFC96A7001D4C14 = {
						CreatedOnToolsVersion = 7.2.1;
						DevelopmentTeam = 2M57FTV92Y;
						TestTargetID = CEDEE2991CFC96A7001D4C14;
					};
				};
			};
			buildConfigurationList = CEDEE2951CFC96A7001D4C14 /* Build configuration list for PBXProject "GettingAttention" */;
			compatibilityVersion = "Xcode 3.2";
			developmentRegion = English;
			hasScannedForEncodings = 0;
			knownRegions = (
				en,
				Base,
			);
			mainGroup = CEDEE2911CFC96A7001D4C14;
			productRefGroup = CEDEE29B1CFC96A7001D4C14 /* Products */;
			projectDirPath = "";
			projectRoot = "";
			targets = (
				CEDEE2991CFC96A7001D4C14 /* GettingAttention */,
				CEDEE2AD1CFC96A7001D4C14 /* GettingAttentionTests */,
				CEDEE2B81CFC96A7001D4C14 /* GettingAttentionUITests */,
			);
		};
/* End PBXProject section */

/* Begin PBXResourcesBuildPhase section */
		CEDEE2981CFC96A7001D4C14 /* Resources */ = {
			isa = PBXResourcesBuildPhase;
			buildActionMask = 2147483647;
			files = (
				CEDEE2A81CFC96A7001D4C14 /* LaunchScreen.storyboard in Resources */,
				CEDEE2A51CFC96A7001D4C14 /* Assets.xcassets in Resources */,
				CEDEE2A31CFC96A7001D4C14 /* Main.storyboard in Resources */,
			);
			runOnlyForDeploymentPostprocessing = 0;
		};
		CEDEE2AC1CFC96A7001D4C14 /* Resources */ = {
			isa = PBXResourcesBuildPhase;
			buildActionMask = 2147483647;
			files = (
			);
			runOnlyForDeploymentPostprocessing = 0;
		};
		CEDEE2B71CFC96A7001D4C14 /* Resources */ = {
			isa = PBXResourcesBuildPhase;
			buildActionMask = 2147483647;
			files = (
			);
			runOnlyForDeploymentPostprocessing = 0;
		};
/* End PBXResourcesBuildPhase section */

/* Begin PBXSourcesBuildPhase section */
		CEDEE2961CFC96A7001D4C14 /* Sources */ = {
			isa = PBXSourcesBuildPhase;
			buildActionMask = 2147483647;
			files = (
				CEDEE2A01CFC96A7001D4C14 /* ViewController.swift in Sources */,
				CEDEE29E1CFC96A7001D4C14 /* AppDelegate.swift in Sources */,
			);
			runOnlyForDeploymentPostprocessing = 0;
		};
		CEDEE2AA1CFC96A7001D4C14 /* Sources */ = {
			isa = PBXSourcesBuildPhase;
			buildActionMask = 2147483647;
			files = (
				CEDEE2B31CFC96A7001D4C14 /* GettingAttentionTests.swift in Sources */,
			);
			runOnlyForDeploymentPostprocessing = 0;
		};
		CEDEE2B51CFC96A7001D4C14 /* Sources */ = {
			isa = PBXSourcesBuildPhase;
			buildActionMask = 2147483647;
			files = (
				CEDEE2BE1CFC96A7001D4C14 /* GettingAttentionUITests.swift in Sources */,
			);
			runOnlyForDeploymentPostprocessing = 0;
		};
/* End PBXSourcesBuildPhase section */

/* Begin PBXTargetDependency section */
		CEDEE2B01CFC96A7001D4C14 /* PBXTargetDependency */ = {
			isa = PBXTargetDependency;
			target = CEDEE2991CFC96A7001D4C14 /* GettingAttention */;
			targetProxy = CEDEE2AF1CFC96A7001D4C14 /* PBXContainerItemProxy */;
		};
		CEDEE2BB1CFC96A7001D4C14 /* PBXTargetDependency */ = {
			isa = PBXTargetDependency;
			target = CEDEE2991CFC96A7001D4C14 /* GettingAttention */;
			targetProxy = CEDEE2BA1CFC96A7001D4C14 /* PBXContainerItemProxy */;
		};
/* End PBXTargetDependency section */

/* Begin PBXVariantGroup section */
		CEDEE2A11CFC96A7001D4C14 /* Main.storyboard */ = {
			isa = PBXVariantGroup;
			children = (
				CEDEE2A21CFC96A7001D4C14 /* Base */,
			);
			name = Main.storyboard;
			sourceTree = "<group>";
		};
		CEDEE2A61CFC96A7001D4C14 /* LaunchScreen.storyboard */ = {
			isa = PBXVariantGroup;
			children = (
				CEDEE2A71CFC96A7001D4C14 /* Base */,
			);
			name = LaunchScreen.storyboard;
			sourceTree = "<group>";
		};
/* End PBXVariantGroup section */

/* Begin XCBuildConfiguration section */
		CEDEE2C01CFC96A7001D4C14 /* Debug */ = {
			isa = XCBuildConfiguration;
			buildSettings = {
				ALWAYS_SEARCH_USER_PATHS = NO;
				CLANG_CXX_LANGUAGE_STANDARD = "gnu++0x";
				CLANG_CXX_LIBRARY = "libc++";
				CLANG_ENABLE_MODULES = YES;
				CLANG_ENABLE_OBJC_ARC = YES;
				CLANG_WARN_BOOL_CONVERSION = YES;
				CLANG_WARN_CONSTANT_CONVERSION = YES;
				CLANG_WARN_DIRECT_OBJC_ISA_USAGE = YES_ERROR;
				CLANG_WARN_EMPTY_BODY = YES;
				CLANG_WARN_ENUM_CONVERSION = YES;
				CLANG_WARN_INT_CONVERSION = YES;
				CLANG_WARN_OBJC_ROOT_CLASS = YES_ERROR;
				CLANG_WARN_UNREACHABLE_CODE = YES;
				CLANG_WARN__DUPLICATE_METHOD_MATCH = YES;
				"CODE_SIGN_IDENTITY[sdk=iphoneos*]" = "iPhone Developer";
				COPY_PHASE_STRIP = NO;
				DEBUG_INFORMATION_FORMAT = dwarf;
				ENABLE_STRICT_OBJC_MSGSEND = YES;
				ENABLE_TESTABILITY = YES;
				GCC_C_LANGUAGE_STANDARD = gnu99;
				GCC_DYNAMIC_NO_PIC = NO;
				GCC_NO_COMMON_BLOCKS = YES;
				GCC_OPTIMIZATION_LEVEL = 0;
				GCC_PREPROCESSOR_DEFINITIONS = (
					"DEBUG=1",
					"$(inherited)",
				);
				GCC_WARN_64_TO_32_BIT_CONVERSION = YES;
				GCC_WARN_ABOUT_RETURN_TYPE = YES_ERROR;
				GCC_WARN_UNDECLARED_SELECTOR = YES;
				GCC_WARN_UNINITIALIZED_AUTOS = YES_AGGRESSIVE;
				GCC_WARN_UNUSED_FUNCTION = YES;
				GCC_WARN_UNUSED_VARIABLE = YES;
				IPHONEOS_DEPLOYMENT_TARGET = 9.2;
				MTL_ENABLE_DEBUG_INFO = YES;
				ONLY_ACTIVE_ARCH = YES;
				SDKROOT = iphoneos;
				SWIFT_OPTIMIZATION_LEVEL = "-Onone";
			};
			name = Debug;
		};
		CEDEE2C11CFC96A7001D4C14 /* Release */ = {
			isa = XCBuildConfiguration;
			buildSettings = {
				ALWAYS_SEARCH_USER_PATHS = NO;
				CLANG_CXX_LANGUAGE_STANDARD = "gnu++0x";
				CLANG_CXX_LIBRARY = "libc++";
				CLANG_ENABLE_MODULES = YES;
				CLANG_ENABLE_OBJC_ARC = YES;
				CLANG_WARN_BOOL_CONVERSION = YES;
				CLANG_WARN_CONSTANT_CONVERSION = YES;
				CLANG_WARN_DIRECT_OBJC_ISA_USAGE = YES_ERROR;
				CLANG_WARN_EMPTY_BODY = YES;
				CLANG_WARN_ENUM_CONVERSION = YES;
				CLANG_WARN_INT_CONVERSION = YES;
				CLANG_WARN_OBJC_ROOT_CLASS = YES_ERROR;
				CLANG_WARN_UNREACHABLE_CODE = YES;
				CLANG_WARN__DUPLICATE_METHOD_MATCH = YES;
				"CODE_SIGN_IDENTITY[sdk=iphoneos*]" = "iPhone Developer";
				COPY_PHASE_STRIP = NO;
				DEBUG_INFORMATION_FORMAT = "dwarf-with-dsym";
				ENABLE_NS_ASSERTIONS = NO;
				ENABLE_STRICT_OBJC_MSGSEND = YES;
				GCC_C_LANGUAGE_STANDARD = gnu99;
				GCC_NO_COMMON_BLOCKS = YES;
				GCC_WARN_64_TO_32_BIT_CONVERSION = YES;
				GCC_WARN_ABOUT_RETURN_TYPE = YES_ERROR;
				GCC_WARN_UNDECLARED_SELECTOR = YES;
				GCC_WARN_UNINITIALIZED_AUTOS = YES_AGGRESSIVE;
				GCC_WARN_UNUSED_FUNCTION = YES;
				GCC_WARN_UNUSED_VARIABLE = YES;
				IPHONEOS_DEPLOYMENT_TARGET = 9.2;
				MTL_ENABLE_DEBUG_INFO = NO;
				SDKROOT = iphoneos;
				VALIDATE_PRODUCT = YES;
			};
			name = Release;
		};
		CEDEE2C31CFC96A7001D4C14 /* Debug */ = {
			isa = XCBuildConfiguration;
			buildSettings = {
				ASSETCATALOG_COMPILER_APPICON_NAME = AppIcon;
				INFOPLIST_FILE = GettingAttention/Info.plist;
				LD_RUNPATH_SEARCH_PATHS = "$(inherited) @executable_path/Frameworks";
				PRODUCT_BUNDLE_IDENTIFIER = JingZhang.GettingAttention;
				PRODUCT_NAME = "$(TARGET_NAME)";
			};
			name = Debug;
		};
		CEDEE2C41CFC96A7001D4C14 /* Release */ = {
			isa = XCBuildConfiguration;
			buildSettings = {
				ASSETCATALOG_COMPILER_APPICON_NAME = AppIcon;
				INFOPLIST_FILE = GettingAttention/Info.plist;
				LD_RUNPATH_SEARCH_PATHS = "$(inherited) @executable_path/Frameworks";
				PRODUCT_BUNDLE_IDENTIFIER = JingZhang.GettingAttention;
				PRODUCT_NAME = "$(TARGET_NAME)";
			};
			name = Release;
		};
		CEDEE2C61CFC96A7001D4C14 /* Debug */ = {
			isa = XCBuildConfiguration;
			buildSettings = {
				BUNDLE_LOADER = "$(TEST_HOST)";
				INFOPLIST_FILE = GettingAttentionTests/Info.plist;
				LD_RUNPATH_SEARCH_PATHS = "$(inherited) @executable_path/Frameworks @loader_path/Frameworks";
				PRODUCT_BUNDLE_IDENTIFIER = JingZhang.GettingAttentionTests;
				PRODUCT_NAME = "$(TARGET_NAME)";
				TEST_HOST = "$(BUILT_PRODUCTS_DIR)/GettingAttention.app/GettingAttention";
			};
			name = Debug;
		};
		CEDEE2C71CFC96A7001D4C14 /* Release */ = {
			isa = XCBuildConfiguration;
			buildSettings = {
				BUNDLE_LOADER = "$(TEST_HOST)";
				INFOPLIST_FILE = GettingAttentionTests/Info.plist;
				LD_RUNPATH_SEARCH_PATHS = "$(inherited) @executable_path/Frameworks @loader_path/Frameworks";
				PRODUCT_BUNDLE_IDENTIFIER = JingZhang.GettingAttentionTests;
				PRODUCT_NAME = "$(TARGET_NAME)";
				TEST_HOST = "$(BUILT_PRODUCTS_DIR)/GettingAttention.app/GettingAttention";
			};
			name = Release;
		};
		CEDEE2C91CFC96A7001D4C14 /* Debug */ = {
			isa = XCBuildConfiguration;
			buildSettings = {
				INFOPLIST_FILE = GettingAttentionUITests/Info.plist;
				LD_RUNPATH_SEARCH_PATHS = "$(inherited) @executable_path/Frameworks @loader_path/Frameworks";
				PRODUCT_BUNDLE_IDENTIFIER = JingZhang.GettingAttentionUITests;
				PRODUCT_NAME = "$(TARGET_NAME)";
				TEST_TARGET_NAME = GettingAttention;
				USES_XCTRUNNER = YES;
			};
			name = Debug;
		};
		CEDEE2CA1CFC96A7001D4C14 /* Release */ = {
			isa = XCBuildConfiguration;
			buildSettings = {
				INFOPLIST_FILE = GettingAttentionUITests/Info.plist;
				LD_RUNPATH_SEARCH_PATHS = "$(inherited) @executable_path/Frameworks @loader_path/Frameworks";
				PRODUCT_BUNDLE_IDENTIFIER = JingZhang.GettingAttentionUITests;
				PRODUCT_NAME = "$(TARGET_NAME)";
				TEST_TARGET_NAME = GettingAttention;
				USES_XCTRUNNER = YES;
			};
			name = Release;
		};
/* End XCBuildConfiguration section */

/* Begin XCConfigurationList section */
		CEDEE2951CFC96A7001D4C14 /* Build configuration list for PBXProject "GettingAttention" */ = {
			isa = XCConfigurationList;
			buildConfigurations = (
				CEDEE2C01CFC96A7001D4C14 /* Debug */,
				CEDEE2C11CFC96A7001D4C14 /* Release */,
			);
			defaultConfigurationIsVisible = 0;
			defaultConfigurationName = Release;
		};
		CEDEE2C21CFC96A7001D4C14 /* Build configuration list for PBXNativeTarget "GettingAttention" */ = {
			isa = XCConfigurationList;
			buildConfigurations = (
				CEDEE2C31CFC96A7001D4C14 /* Debug */,
				CEDEE2C41CFC96A7001D4C14 /* Release */,
			);
			defaultConfigurationIsVisible = 0;
		};
		CEDEE2C51CFC96A7001D4C14 /* Build configuration list for PBXNativeTarget "GettingAttentionTests" */ = {
			isa = XCConfigurationList;
			buildConfigurations = (
				CEDEE2C61CFC96A7001D4C14 /* Debug */,
				CEDEE2C71CFC96A7001D4C14 /* Release */,
			);
			defaultConfigurationIsVisible = 0;
		};
		CEDEE2C81CFC96A7001D4C14 /* Build configuration list for PBXNativeTarget "GettingAttentionUITests" */ = {
			isa = XCConfigurationList;
			buildConfigurations = (
				CEDEE2C91CFC96A7001D4C14 /* Debug */,
				CEDEE2CA1CFC96A7001D4C14 /* Release */,
			);
			defaultConfigurationIsVisible = 0;
		};
/* End XCConfigurationList section */
	};
	rootObject = CEDEE2921CFC96A7001D4C14 /* Project object */;
}
